
Microsoft Visual Studio Solution File, Format Version 9.00
# Visual Studio 2005
Project("{FAE04EC0-301F-11D3-BF4B-00C04F79EFBC}") = "Browser", "Desktop\Browser.csproj", "{ADE99751-FB2E-4F0B-AC14-AF70D6A2DF0E}"
EndProject
Project("{FAE04EC0-301F-11D3-BF4B-00C04F79EFBC}") = "PartsCatalog", "..\Commons\PartsCatalog\PartsCatalog.csproj", "{7EF4491D-DF78-42D0-9339-28F84C8C1560}"
EndProject
Project("{FAE04EC0-301F-11D3-BF4B-00C04F79EFBC}") = "DesktopForms", "..\Commons\DesktopForms\DesktopForms.csproj", "{BE318A09-8BD4-49C6-8998-D943B27963B3}"
EndProject
Global
	GlobalSection(SolutionConfigurationPlatforms) = preSolution
		Debug|Any CPU = Debug|Any CPU
		Release|Any CPU = Release|Any CPU
	EndGlobalSection
	GlobalSection(ProjectConfigurationPlatforms) = postSolution
		{ADE99751-FB2E-4F0B-AC14-AF70D6A2DF0E}.Debug|Any CPU.ActiveCfg = Debug|Any CPU
		{ADE99751-FB2E-4F0B-AC14-AF70D6A2DF0E}.Debug|Any CPU.Build.0 = Debug|Any CPU
		{ADE99751-FB2E-4F0B-AC14-AF70D6A2DF0E}.Release|Any CPU.ActiveCfg = Release|Any CPU
		{ADE99751-FB2E-4F0B-AC14-AF70D6A2DF0E}.Release|Any CPU.Build.0 = Release|Any CPU
		{7EF4491D-DF78-42D0-9339-28F84C8C1560}.Debug|Any CPU.ActiveCfg = Debug|Any CPU
		{7EF4491D-DF78-42D0-9339-28F84C8C1560}.Debug|Any CPU.Build.0 = Debug|Any CPU
		{7EF4491D-DF78-42D0-9339-28F84C8C1560}.Release|Any CPU.ActiveCfg = Release|Any CPU
		{7EF4491D-DF78-42D0-9339-28F84C8C1560}.Release|Any CPU.Build.0 = Release|Any CPU
		{BE318A09-8BD4-49C6-8998-D943B27963B3}.Debug|Any CPU.ActiveCfg = Debug|Any CPU
		{BE318A09-8BD4-49C6-8998-D943B27963B3}.Debug|Any CPU.Build.0 = Debug|Any CPU
		{BE318A09-8BD4-49C6-8998-D943B27963B3}.Release|Any CPU.ActiveCfg = Release|Any CPU
		{BE318A09-8BD4-49C6-8998-D943B27963B3}.Release|Any CPU.Build.0 = Release|Any CPU
	EndGlobalSection
	GlobalSection(SolutionProperties) = preSolution
		HideSolutionNode = FALSE
	EndGlobalSection
EndGlobal
