
Microsoft Visual Studio Solution File, Format Version 9.00
# Visual Studio 2005
Project("{2150E333-8FDC-42A3-9474-1A3956D46DE8}") = "Support Libraries", "Support Libraries", "{1D296454-CBD7-4E01-A5B7-DED0398E3791}"
EndProject
Project("{FAE04EC0-301F-11D3-BF4B-00C04F79EFBC}") = "PartsCatalog", "Commons\PartsCatalog\PartsCatalog.csproj", "{7EF4491D-DF78-42D0-9339-28F84C8C1560}"
EndProject
Project("{FAE04EC0-301F-11D3-BF4B-00C04F79EFBC}") = "DesktopForms", "Commons\DesktopForms\DesktopForms.csproj", "{BE318A09-8BD4-49C6-8998-D943B27963B3}"
EndProject
Project("{2150E333-8FDC-42A3-9474-1A3956D46DE8}") = "Applications", "Applications", "{E2CC4E22-C090-49DF-AC67-E2872F63AC82}"
EndProject
Project("{2150E333-8FDC-42A3-9474-1A3956D46DE8}") = "Managers", "Managers", "{C8FB63B0-7776-455E-BE94-BA0BF2B753A3}"
EndProject
Project("{FAE04EC0-301F-11D3-BF4B-00C04F79EFBC}") = "Browser", "Browser\Desktop\Browser.csproj", "{ADE99751-FB2E-4F0B-AC14-AF70D6A2DF0E}"
EndProject
Project("{2150E333-8FDC-42A3-9474-1A3956D46DE8}") = "Browsers", "Browsers", "{3EBB41FD-95DE-4DFB-A714-29419EE61DE3}"
EndProject
Project("{FAE04EC0-301F-11D3-BF4B-00C04F79EFBC}") = "CategoryManager", "Managers\CategoryManager\CategoryManager.csproj", "{3C321D26-96D3-4401-9D65-830AD3FC2916}"
EndProject
Project("{FAE04EC0-301F-11D3-BF4B-00C04F79EFBC}") = "PackageManager", "Managers\PackageManager\PackageManager.csproj", "{DF3F79A3-0FBB-4BD0-A1EB-F618F8A7F820}"
EndProject
Project("{FAE04EC0-301F-11D3-BF4B-00C04F79EFBC}") = "ProjectManager", "Managers\ProjectManager\ProjectManager.csproj", "{107DB485-5EA8-4B85-8E68-E5C009C3C7AE}"
EndProject
Project("{54435603-DBB4-11D2-8724-00A0C9A8B90C}") = "Installer", "Installer\Installer.vdproj", "{0903297B-D07E-47E2-A48E-0A2559E34AC6}"
EndProject
Global
	GlobalSection(SolutionConfigurationPlatforms) = preSolution
		Debug|Any CPU = Debug|Any CPU
		Release|Any CPU = Release|Any CPU
	EndGlobalSection
	GlobalSection(ProjectConfigurationPlatforms) = postSolution
		{7EF4491D-DF78-42D0-9339-28F84C8C1560}.Debug|Any CPU.ActiveCfg = Debug|Any CPU
		{7EF4491D-DF78-42D0-9339-28F84C8C1560}.Debug|Any CPU.Build.0 = Debug|Any CPU
		{7EF4491D-DF78-42D0-9339-28F84C8C1560}.Release|Any CPU.ActiveCfg = Release|Any CPU
		{7EF4491D-DF78-42D0-9339-28F84C8C1560}.Release|Any CPU.Build.0 = Release|Any CPU
		{BE318A09-8BD4-49C6-8998-D943B27963B3}.Debug|Any CPU.ActiveCfg = Debug|Any CPU
		{BE318A09-8BD4-49C6-8998-D943B27963B3}.Debug|Any CPU.Build.0 = Debug|Any CPU
		{BE318A09-8BD4-49C6-8998-D943B27963B3}.Release|Any CPU.ActiveCfg = Release|Any CPU
		{BE318A09-8BD4-49C6-8998-D943B27963B3}.Release|Any CPU.Build.0 = Release|Any CPU
		{ADE99751-FB2E-4F0B-AC14-AF70D6A2DF0E}.Debug|Any CPU.ActiveCfg = Debug|Any CPU
		{ADE99751-FB2E-4F0B-AC14-AF70D6A2DF0E}.Debug|Any CPU.Build.0 = Debug|Any CPU
		{ADE99751-FB2E-4F0B-AC14-AF70D6A2DF0E}.Release|Any CPU.ActiveCfg = Release|Any CPU
		{ADE99751-FB2E-4F0B-AC14-AF70D6A2DF0E}.Release|Any CPU.Build.0 = Release|Any CPU
		{3C321D26-96D3-4401-9D65-830AD3FC2916}.Debug|Any CPU.ActiveCfg = Debug|Any CPU
		{3C321D26-96D3-4401-9D65-830AD3FC2916}.Debug|Any CPU.Build.0 = Debug|Any CPU
		{3C321D26-96D3-4401-9D65-830AD3FC2916}.Release|Any CPU.ActiveCfg = Release|Any CPU
		{3C321D26-96D3-4401-9D65-830AD3FC2916}.Release|Any CPU.Build.0 = Release|Any CPU
		{DF3F79A3-0FBB-4BD0-A1EB-F618F8A7F820}.Debug|Any CPU.ActiveCfg = Debug|Any CPU
		{DF3F79A3-0FBB-4BD0-A1EB-F618F8A7F820}.Debug|Any CPU.Build.0 = Debug|Any CPU
		{DF3F79A3-0FBB-4BD0-A1EB-F618F8A7F820}.Release|Any CPU.ActiveCfg = Release|Any CPU
		{DF3F79A3-0FBB-4BD0-A1EB-F618F8A7F820}.Release|Any CPU.Build.0 = Release|Any CPU
		{107DB485-5EA8-4B85-8E68-E5C009C3C7AE}.Debug|Any CPU.ActiveCfg = Debug|Any CPU
		{107DB485-5EA8-4B85-8E68-E5C009C3C7AE}.Debug|Any CPU.Build.0 = Debug|Any CPU
		{107DB485-5EA8-4B85-8E68-E5C009C3C7AE}.Release|Any CPU.ActiveCfg = Release|Any CPU
		{107DB485-5EA8-4B85-8E68-E5C009C3C7AE}.Release|Any CPU.Build.0 = Release|Any CPU
		{0903297B-D07E-47E2-A48E-0A2559E34AC6}.Debug|Any CPU.ActiveCfg = Debug
		{0903297B-D07E-47E2-A48E-0A2559E34AC6}.Release|Any CPU.ActiveCfg = Release
	EndGlobalSection
	GlobalSection(SolutionProperties) = preSolution
		HideSolutionNode = FALSE
	EndGlobalSection
	GlobalSection(NestedProjects) = preSolution
		{7EF4491D-DF78-42D0-9339-28F84C8C1560} = {1D296454-CBD7-4E01-A5B7-DED0398E3791}
		{BE318A09-8BD4-49C6-8998-D943B27963B3} = {1D296454-CBD7-4E01-A5B7-DED0398E3791}
		{C8FB63B0-7776-455E-BE94-BA0BF2B753A3} = {E2CC4E22-C090-49DF-AC67-E2872F63AC82}
		{3EBB41FD-95DE-4DFB-A714-29419EE61DE3} = {E2CC4E22-C090-49DF-AC67-E2872F63AC82}
		{3C321D26-96D3-4401-9D65-830AD3FC2916} = {C8FB63B0-7776-455E-BE94-BA0BF2B753A3}
		{DF3F79A3-0FBB-4BD0-A1EB-F618F8A7F820} = {C8FB63B0-7776-455E-BE94-BA0BF2B753A3}
		{107DB485-5EA8-4B85-8E68-E5C009C3C7AE} = {C8FB63B0-7776-455E-BE94-BA0BF2B753A3}
		{ADE99751-FB2E-4F0B-AC14-AF70D6A2DF0E} = {3EBB41FD-95DE-4DFB-A714-29419EE61DE3}
	EndGlobalSection
EndGlobal
